// !$*UTF8*$!
{
	archiveVersion = 1;
	classes = {
	};
	objectVersion = 77;
	objects = {

/* Begin PBXBuildFile section */
		BEA53E292CFE511E00F5CE90 /* HRV_Monitoring Watch Watch App.app in Embed Watch Content */ = {isa = PBXBuildFile; fileRef = BEA53E062CFE511D00F5CE90 /* HRV_Monitoring Watch Watch App.app */; settings = {ATTRIBUTES = (RemoveHeadersOnCopy, ); }; };
/* End PBXBuildFile section */

/* Begin PBXContainerItemProxy section */
		BEA53DE62CFE50D400F5CE90 /* PBXContainerItemProxy */ = {
			isa = PBXContainerItemProxy;
			containerPortal = BEA53DCC2CFE50D300F5CE90 /* Project object */;
			proxyType = 1;
			remoteGlobalIDString = BEA53DD32CFE50D300F5CE90;
			remoteInfo = "HRV Monitoring";
		};
		BEA53DF02CFE50D400F5CE90 /* PBXContainerItemProxy */ = {
			isa = PBXContainerItemProxy;
			containerPortal = BEA53DCC2CFE50D300F5CE90 /* Project object */;
			proxyType = 1;
			remoteGlobalIDString = BEA53DD32CFE50D300F5CE90;
			remoteInfo = "HRV Monitoring";
		};
		BEA53E162CFE511E00F5CE90 /* PBXContainerItemProxy */ = {
			isa = PBXContainerItemProxy;
			containerPortal = BEA53DCC2CFE50D300F5CE90 /* Project object */;
			proxyType = 1;
			remoteGlobalIDString = BEA53E052CFE511D00F5CE90;
			remoteInfo = "HRV Monitoring Watch Watch App";
		};
		BEA53E202CFE511E00F5CE90 /* PBXContainerItemProxy */ = {
			isa = PBXContainerItemProxy;
			containerPortal = BEA53DCC2CFE50D300F5CE90 /* Project object */;
			proxyType = 1;
			remoteGlobalIDString = BEA53E052CFE511D00F5CE90;
			remoteInfo = "HRV Monitoring Watch Watch App";
		};
		BEA53E272CFE511E00F5CE90 /* PBXContainerItemProxy */ = {
			isa = PBXContainerItemProxy;
			containerPortal = BEA53DCC2CFE50D300F5CE90 /* Project object */;
			proxyType = 1;
			remoteGlobalIDString = BEA53E052CFE511D00F5CE90;
			remoteInfo = "HRV Monitoring Watch Watch App";
		};
/* End PBXContainerItemProxy section */

/* Begin PBXCopyFilesBuildPhase section */
		BEA53E2D2CFE511E00F5CE90 /* Embed Watch Content */ = {
			isa = PBXCopyFilesBuildPhase;
			buildActionMask = 2147483647;
			dstPath = "$(CONTENTS_FOLDER_PATH)/Watch";
			dstSubfolderSpec = 16;
			files = (
				BEA53E292CFE511E00F5CE90 /* HRV_Monitoring Watch Watch App.app in Embed Watch Content */,
			);
			name = "Embed Watch Content";
			runOnlyForDeploymentPostprocessing = 0;
		};
/* End PBXCopyFilesBuildPhase section */

/* Begin PBXFileReference section */
		BEA53DD42CFE50D300F5CE90 /* HRV_Monitoring.app */ = {isa = PBXFileReference; explicitFileType = wrapper.application; includeInIndex = 0; path = HRV_Monitoring.app; sourceTree = BUILT_PRODUCTS_DIR; };
		BEA53DE52CFE50D400F5CE90 /* HRV_MonitoringTests.xctest */ = {isa = PBXFileReference; explicitFileType = wrapper.cfbundle; includeInIndex = 0; path = HRV_MonitoringTests.xctest; sourceTree = BUILT_PRODUCTS_DIR; };
		BEA53DEF2CFE50D400F5CE90 /* HRV_MonitoringUITests.xctest */ = {isa = PBXFileReference; explicitFileType = wrapper.cfbundle; includeInIndex = 0; path = HRV_MonitoringUITests.xctest; sourceTree = BUILT_PRODUCTS_DIR; };
		BEA53E062CFE511D00F5CE90 /* HRV_Monitoring Watch Watch App.app */ = {isa = PBXFileReference; explicitFileType = wrapper.application; includeInIndex = 0; path = "HRV_Monitoring Watch Watch App.app"; sourceTree = BUILT_PRODUCTS_DIR; };
		BEA53E152CFE511E00F5CE90 /* HRV_Monitoring Watch Watch AppTests.xctest */ = {isa = PBXFileReference; explicitFileType = wrapper.cfbundle; includeInIndex = 0; path = "HRV_Monitoring Watch Watch AppTests.xctest"; sourceTree = BUILT_PRODUCTS_DIR; };
		BEA53E1F2CFE511E00F5CE90 /* HRV_Monitoring Watch Watch AppUITests.xctest */ = {isa = PBXFileReference; explicitFileType = wrapper.cfbundle; includeInIndex = 0; path = "HRV_Monitoring Watch Watch AppUITests.xctest"; sourceTree = BUILT_PRODUCTS_DIR; };
/* End PBXFileReference section */

/* Begin PBXFileSystemSynchronizedBuildFileExceptionSet section */
		BEA53E7B2CFE587000F5CE90 /* Exceptions for "HRV_Monitoring_Watch_App" folder in "HRV_MonitoringTests" target */ = {
			isa = PBXFileSystemSynchronizedBuildFileExceptionSet;
			membershipExceptions = (
				Assets.xcassets,
				ContentView.swift,
				HRV_Monitoring_WatchApp.swift,
				"Preview Content/Preview Assets.xcassets",
			);
			target = BEA53DE42CFE50D400F5CE90 /* HRV_MonitoringTests */;
		};
		BEA53E7C2CFE587000F5CE90 /* Exceptions for "HRV_Monitoring_Watch_App" folder in "HRV_Monitoring Watch Watch App" target */ = {
			isa = PBXFileSystemSynchronizedBuildFileExceptionSet;
			membershipExceptions = (
				Assets.xcassets,
				ContentView.swift,
				HRV_Monitoring_WatchApp.swift,
				"Preview Content/Preview Assets.xcassets",
			);
			target = BEA53E052CFE511D00F5CE90 /* HRV_Monitoring Watch Watch App */;
		};
/* End PBXFileSystemSynchronizedBuildFileExceptionSet section */

/* Begin PBXFileSystemSynchronizedRootGroup section */
		BEA53DD62CFE50D300F5CE90 /* HRV_Monitoring */ = {
			isa = PBXFileSystemSynchronizedRootGroup;
			path = HRV_Monitoring;
			sourceTree = "<group>";
		};
		BEA53DE82CFE50D400F5CE90 /* HRV_MonitoringTests */ = {
			isa = PBXFileSystemSynchronizedRootGroup;
			path = HRV_MonitoringTests;
			sourceTree = "<group>";
		};
		BEA53DF22CFE50D400F5CE90 /* HRV_MonitoringUITests */ = {
			isa = PBXFileSystemSynchronizedRootGroup;
			path = HRV_MonitoringUITests;
			sourceTree = "<group>";
		};
		BEA53E182CFE511E00F5CE90 /* HRV_Monitoring_Watch_AppTests */ = {
			isa = PBXFileSystemSynchronizedRootGroup;
			path = HRV_Monitoring_Watch_AppTests;
			sourceTree = "<group>";
		};
		BEA53E222CFE511E00F5CE90 /* HRV_Monitoring_Watch_AppUITests */ = {
			isa = PBXFileSystemSynchronizedRootGroup;
			path = HRV_Monitoring_Watch_AppUITests;
			sourceTree = "<group>";
		};
		BEA53E762CFE587000F5CE90 /* HRV_Monitoring_Watch_App */ = {
			isa = PBXFileSystemSynchronizedRootGroup;
			exceptions = (
				BEA53E7B2CFE587000F5CE90 /* Exceptions for "HRV_Monitoring_Watch_App" folder in "HRV_MonitoringTests" target */,
				BEA53E7C2CFE587000F5CE90 /* Exceptions for "HRV_Monitoring_Watch_App" folder in "HRV_Monitoring Watch Watch App" target */,
			);
			path = HRV_Monitoring_Watch_App;
			sourceTree = "<group>";
		};
/* End PBXFileSystemSynchronizedRootGroup section */

/* Begin PBXFrameworksBuildPhase section */
		BEA53DD12CFE50D300F5CE90 /* Frameworks */ = {
			isa = PBXFrameworksBuildPhase;
			buildActionMask = 2147483647;
			files = (
			);
			runOnlyForDeploymentPostprocessing = 0;
		};
		BEA53DE22CFE50D400F5CE90 /* Frameworks */ = {
			isa = PBXFrameworksBuildPhase;
			buildActionMask = 2147483647;
			files = (
			);
			runOnlyForDeploymentPostprocessing = 0;
		};
		BEA53DEC2CFE50D400F5CE90 /* Frameworks */ = {
			isa = PBXFrameworksBuildPhase;
			buildActionMask = 2147483647;
			files = (
			);
			runOnlyForDeploymentPostprocessing = 0;
		};
		BEA53E032CFE511D00F5CE90 /* Frameworks */ = {
			isa = PBXFrameworksBuildPhase;
			buildActionMask = 2147483647;
			files = (
			);
			runOnlyForDeploymentPostprocessing = 0;
		};
		BEA53E122CFE511E00F5CE90 /* Frameworks */ = {
			isa = PBXFrameworksBuildPhase;
			buildActionMask = 2147483647;
			files = (
			);
			runOnlyForDeploymentPostprocessing = 0;
		};
		BEA53E1C2CFE511E00F5CE90 /* Frameworks */ = {
			isa = PBXFrameworksBuildPhase;
			buildActionMask = 2147483647;
			files = (
			);
			runOnlyForDeploymentPostprocessing = 0;
		};
/* End PBXFrameworksBuildPhase section */

/* Begin PBXGroup section */
		BEA53DCB2CFE50D300F5CE90 = {
			isa = PBXGroup;
			children = (
				BEA53DD62CFE50D300F5CE90 /* HRV_Monitoring */,
				BEA53DE82CFE50D400F5CE90 /* HRV_MonitoringTests */,
				BEA53DF22CFE50D400F5CE90 /* HRV_MonitoringUITests */,
				BEA53E182CFE511E00F5CE90 /* HRV_Monitoring_Watch_AppTests */,
				BEA53E222CFE511E00F5CE90 /* HRV_Monitoring_Watch_AppUITests */,
				BEA53DD52CFE50D300F5CE90 /* Products */,
				BEA53E762CFE587000F5CE90 /* HRV_Monitoring_Watch_App */,
			);
			sourceTree = "<group>";
		};
		BEA53DD52CFE50D300F5CE90 /* Products */ = {
			isa = PBXGroup;
			children = (
				BEA53DD42CFE50D300F5CE90 /* HRV_Monitoring.app */,
				BEA53DE52CFE50D400F5CE90 /* HRV_MonitoringTests.xctest */,
				BEA53DEF2CFE50D400F5CE90 /* HRV_MonitoringUITests.xctest */,
				BEA53E062CFE511D00F5CE90 /* HRV_Monitoring Watch Watch App.app */,
				BEA53E152CFE511E00F5CE90 /* HRV_Monitoring Watch Watch AppTests.xctest */,
				BEA53E1F2CFE511E00F5CE90 /* HRV_Monitoring Watch Watch AppUITests.xctest */,
			);
			name = Products;
			sourceTree = "<group>";
		};
/* End PBXGroup section */

/* Begin PBXNativeTarget section */
		BEA53DD32CFE50D300F5CE90 /* HRV_Monitoring */ = {
			isa = PBXNativeTarget;
			buildConfigurationList = BEA53DF92CFE50D400F5CE90 /* Build configuration list for PBXNativeTarget "HRV_Monitoring" */;
			buildPhases = (
				BEA53DD02CFE50D300F5CE90 /* Sources */,
				BEA53DD12CFE50D300F5CE90 /* Frameworks */,
				BEA53DD22CFE50D300F5CE90 /* Resources */,
				BEA53E2D2CFE511E00F5CE90 /* Embed Watch Content */,
			);
			buildRules = (
			);
			dependencies = (
				BEA53E282CFE511E00F5CE90 /* PBXTargetDependency */,
			);
			fileSystemSynchronizedGroups = (
				BEA53DD62CFE50D300F5CE90 /* HRV_Monitoring */,
			);
			name = HRV_Monitoring;
			packageProductDependencies = (
			);
			productName = "HRV Monitoring";
			productReference = BEA53DD42CFE50D300F5CE90 /* HRV_Monitoring.app */;
			productType = "com.apple.product-type.application";
		};
		BEA53DE42CFE50D400F5CE90 /* HRV_MonitoringTests */ = {
			isa = PBXNativeTarget;
			buildConfigurationList = BEA53DFC2CFE50D400F5CE90 /* Build configuration list for PBXNativeTarget "HRV_MonitoringTests" */;
			buildPhases = (
				BEA53DE12CFE50D400F5CE90 /* Sources */,
				BEA53DE22CFE50D400F5CE90 /* Frameworks */,
				BEA53DE32CFE50D400F5CE90 /* Resources */,
			);
			buildRules = (
			);
			dependencies = (
				BEA53DE72CFE50D400F5CE90 /* PBXTargetDependency */,
			);
			fileSystemSynchronizedGroups = (
				BEA53DE82CFE50D400F5CE90 /* HRV_MonitoringTests */,
				BEA53E762CFE587000F5CE90 /* HRV_Monitoring_Watch_App */,
			);
			name = HRV_MonitoringTests;
			packageProductDependencies = (
			);
			productName = "HRV MonitoringTests";
			productReference = BEA53DE52CFE50D400F5CE90 /* HRV_MonitoringTests.xctest */;
			productType = "com.apple.product-type.bundle.unit-test";
		};
		BEA53DEE2CFE50D400F5CE90 /* HRV_MonitoringUITests */ = {
			isa = PBXNativeTarget;
			buildConfigurationList = BEA53DFF2CFE50D400F5CE90 /* Build configuration list for PBXNativeTarget "HRV_MonitoringUITests" */;
			buildPhases = (
				BEA53DEB2CFE50D400F5CE90 /* Sources */,
				BEA53DEC2CFE50D400F5CE90 /* Frameworks */,
				BEA53DED2CFE50D400F5CE90 /* Resources */,
			);
			buildRules = (
			);
			dependencies = (
				BEA53DF12CFE50D400F5CE90 /* PBXTargetDependency */,
			);
			fileSystemSynchronizedGroups = (
				BEA53DF22CFE50D400F5CE90 /* HRV_MonitoringUITests */,
			);
			name = HRV_MonitoringUITests;
			packageProductDependencies = (
			);
			productName = "HRV MonitoringUITests";
			productReference = BEA53DEF2CFE50D400F5CE90 /* HRV_MonitoringUITests.xctest */;
			productType = "com.apple.product-type.bundle.ui-testing";
		};
		BEA53E052CFE511D00F5CE90 /* HRV_Monitoring Watch Watch App */ = {
			isa = PBXNativeTarget;
			buildConfigurationList = BEA53E2A2CFE511E00F5CE90 /* Build configuration list for PBXNativeTarget "HRV_Monitoring Watch Watch App" */;
			buildPhases = (
				BEA53E022CFE511D00F5CE90 /* Sources */,
				BEA53E032CFE511D00F5CE90 /* Frameworks */,
				BEA53E042CFE511D00F5CE90 /* Resources */,
			);
			buildRules = (
			);
			dependencies = (
			);
			name = "HRV_Monitoring Watch Watch App";
			packageProductDependencies = (
			);
			productName = "HRV Monitoring Watch Watch App";
			productReference = BEA53E062CFE511D00F5CE90 /* HRV_Monitoring Watch Watch App.app */;
			productType = "com.apple.product-type.application";
		};
		BEA53E142CFE511E00F5CE90 /* HRV_Monitoring Watch Watch AppTests */ = {
			isa = PBXNativeTarget;
			buildConfigurationList = BEA53E2E2CFE511E00F5CE90 /* Build configuration list for PBXNativeTarget "HRV_Monitoring Watch Watch AppTests" */;
			buildPhases = (
				BEA53E112CFE511E00F5CE90 /* Sources */,
				BEA53E122CFE511E00F5CE90 /* Frameworks */,
				BEA53E132CFE511E00F5CE90 /* Resources */,
			);
			buildRules = (
			);
			dependencies = (
				BEA53E172CFE511E00F5CE90 /* PBXTargetDependency */,
			);
			fileSystemSynchronizedGroups = (
				BEA53E182CFE511E00F5CE90 /* HRV_Monitoring_Watch_AppTests */,
			);
			name = "HRV_Monitoring Watch Watch AppTests";
			packageProductDependencies = (
			);
			productName = "HRV Monitoring Watch Watch AppTests";
			productReference = BEA53E152CFE511E00F5CE90 /* HRV_Monitoring Watch Watch AppTests.xctest */;
			productType = "com.apple.product-type.bundle.unit-test";
		};
		BEA53E1E2CFE511E00F5CE90 /* HRV_Monitoring Watch Watch AppUITests */ = {
			isa = PBXNativeTarget;
			buildConfigurationList = BEA53E312CFE511E00F5CE90 /* Build configuration list for PBXNativeTarget "HRV_Monitoring Watch Watch AppUITests" */;
			buildPhases = (
				BEA53E1B2CFE511E00F5CE90 /* Sources */,
				BEA53E1C2CFE511E00F5CE90 /* Frameworks */,
				BEA53E1D2CFE511E00F5CE90 /* Resources */,
			);
			buildRules = (
			);
			dependencies = (
				BEA53E212CFE511E00F5CE90 /* PBXTargetDependency */,
			);
			fileSystemSynchronizedGroups = (
				BEA53E222CFE511E00F5CE90 /* HRV_Monitoring_Watch_AppUITests */,
			);
			name = "HRV_Monitoring Watch Watch AppUITests";
			packageProductDependencies = (
			);
			productName = "HRV Monitoring Watch Watch AppUITests";
			productReference = BEA53E1F2CFE511E00F5CE90 /* HRV_Monitoring Watch Watch AppUITests.xctest */;
			productType = "com.apple.product-type.bundle.ui-testing";
		};
/* End PBXNativeTarget section */

/* Begin PBXProject section */
		BEA53DCC2CFE50D300F5CE90 /* Project object */ = {
			isa = PBXProject;
			attributes = {
				BuildIndependentTargetsInParallel = 1;
				LastSwiftUpdateCheck = 1610;
				LastUpgradeCheck = 1610;
				TargetAttributes = {
					BEA53DD32CFE50D300F5CE90 = {
						CreatedOnToolsVersion = 16.1;
					};
					BEA53DE42CFE50D400F5CE90 = {
						CreatedOnToolsVersion = 16.1;
						TestTargetID = BEA53DD32CFE50D300F5CE90;
					};
					BEA53DEE2CFE50D400F5CE90 = {
						CreatedOnToolsVersion = 16.1;
						TestTargetID = BEA53DD32CFE50D300F5CE90;
					};
					BEA53E052CFE511D00F5CE90 = {
						CreatedOnToolsVersion = 16.1;
					};
					BEA53E142CFE511E00F5CE90 = {
						CreatedOnToolsVersion = 16.1;
						TestTargetID = BEA53E052CFE511D00F5CE90;
					};
					BEA53E1E2CFE511E00F5CE90 = {
						CreatedOnToolsVersion = 16.1;
						TestTargetID = BEA53E052CFE511D00F5CE90;
					};
				};
			};
			buildConfigurationList = BEA53DCF2CFE50D300F5CE90 /* Build configuration list for PBXProject "HRV_Monitoring" */;
			developmentRegion = en;
			hasScannedForEncodings = 0;
			knownRegions = (
				en,
				Base,
			);
			mainGroup = BEA53DCB2CFE50D300F5CE90;
			minimizedProjectReferenceProxies = 1;
			preferredProjectObjectVersion = 77;
			productRefGroup = BEA53DD52CFE50D300F5CE90 /* Products */;
			projectDirPath = "";
			projectRoot = "";
			targets = (
				BEA53DD32CFE50D300F5CE90 /* HRV_Monitoring */,
				BEA53DE42CFE50D400F5CE90 /* HRV_MonitoringTests */,
				BEA53DEE2CFE50D400F5CE90 /* HRV_MonitoringUITests */,
				BEA53E052CFE511D00F5CE90 /* HRV_Monitoring Watch Watch App */,
				BEA53E142CFE511E00F5CE90 /* HRV_Monitoring Watch Watch AppTests */,
				BEA53E1E2CFE511E00F5CE90 /* HRV_Monitoring Watch Watch AppUITests */,
			);
		};
/* End PBXProject section */

/* Begin PBXResourcesBuildPhase section */
		BEA53DD22CFE50D300F5CE90 /* Resources */ = {
			isa = PBXResourcesBuildPhase;
			buildActionMask = 2147483647;
			files = (
			);
			runOnlyForDeploymentPostprocessing = 0;
		};
		BEA53DE32CFE50D400F5CE90 /* Resources */ = {
			isa = PBXResourcesBuildPhase;
			buildActionMask = 2147483647;
			files = (
			);
			runOnlyForDeploymentPostprocessing = 0;
		};
		BEA53DED2CFE50D400F5CE90 /* Resources */ = {
			isa = PBXResourcesBuildPhase;
			buildActionMask = 2147483647;
			files = (
			);
			runOnlyForDeploymentPostprocessing = 0;
		};
		BEA53E042CFE511D00F5CE90 /* Resources */ = {
			isa = PBXResourcesBuildPhase;
			buildActionMask = 2147483647;
			files = (
			);
			runOnlyForDeploymentPostprocessing = 0;
		};
		BEA53E132CFE511E00F5CE90 /* Resources */ = {
			isa = PBXResourcesBuildPhase;
			buildActionMask = 2147483647;
			files = (
			);
			runOnlyForDeploymentPostprocessing = 0;
		};
		BEA53E1D2CFE511E00F5CE90 /* Resources */ = {
			isa = PBXResourcesBuildPhase;
			buildActionMask = 2147483647;
			files = (
			);
			runOnlyForDeploymentPostprocessing = 0;
		};
/* End PBXResourcesBuildPhase section */

/* Begin PBXSourcesBuildPhase section */
		BEA53DD02CFE50D300F5CE90 /* Sources */ = {
			isa = PBXSourcesBuildPhase;
			buildActionMask = 2147483647;
			files = (
			);
			runOnlyForDeploymentPostprocessing = 0;
		};
		BEA53DE12CFE50D400F5CE90 /* Sources */ = {
			isa = PBXSourcesBuildPhase;
			buildActionMask = 2147483647;
			files = (
			);
			runOnlyForDeploymentPostprocessing = 0;
		};
		BEA53DEB2CFE50D400F5CE90 /* Sources */ = {
			isa = PBXSourcesBuildPhase;
			buildActionMask = 2147483647;
			files = (
			);
			runOnlyForDeploymentPostprocessing = 0;
		};
		BEA53E022CFE511D00F5CE90 /* Sources */ = {
			isa = PBXSourcesBuildPhase;
			buildActionMask = 2147483647;
			files = (
			);
			runOnlyForDeploymentPostprocessing = 0;
		};
		BEA53E112CFE511E00F5CE90 /* Sources */ = {
			isa = PBXSourcesBuildPhase;
			buildActionMask = 2147483647;
			files = (
			);
			runOnlyForDeploymentPostprocessing = 0;
		};
		BEA53E1B2CFE511E00F5CE90 /* Sources */ = {
			isa = PBXSourcesBuildPhase;
			buildActionMask = 2147483647;
			files = (
			);
			runOnlyForDeploymentPostprocessing = 0;
		};
/* End PBXSourcesBuildPhase section */

/* Begin PBXTargetDependency section */
		BEA53DE72CFE50D400F5CE90 /* PBXTargetDependency */ = {
			isa = PBXTargetDependency;
			target = BEA53DD32CFE50D300F5CE90 /* HRV_Monitoring */;
			targetProxy = BEA53DE62CFE50D400F5CE90 /* PBXContainerItemProxy */;
		};
		BEA53DF12CFE50D400F5CE90 /* PBXTargetDependency */ = {
			isa = PBXTargetDependency;
			target = BEA53DD32CFE50D300F5CE90 /* HRV_Monitoring */;
			targetProxy = BEA53DF02CFE50D400F5CE90 /* PBXContainerItemProxy */;
		};
		BEA53E172CFE511E00F5CE90 /* PBXTargetDependency */ = {
			isa = PBXTargetDependency;
			target = BEA53E052CFE511D00F5CE90 /* HRV_Monitoring Watch Watch App */;
			targetProxy = BEA53E162CFE511E00F5CE90 /* PBXContainerItemProxy */;
		};
		BEA53E212CFE511E00F5CE90 /* PBXTargetDependency */ = {
			isa = PBXTargetDependency;
			target = BEA53E052CFE511D00F5CE90 /* HRV_Monitoring Watch Watch App */;
			targetProxy = BEA53E202CFE511E00F5CE90 /* PBXContainerItemProxy */;
		};
		BEA53E282CFE511E00F5CE90 /* PBXTargetDependency */ = {
			isa = PBXTargetDependency;
			target = BEA53E052CFE511D00F5CE90 /* HRV_Monitoring Watch Watch App */;
			targetProxy = BEA53E272CFE511E00F5CE90 /* PBXContainerItemProxy */;
		};
/* End PBXTargetDependency section */

/* Begin XCBuildConfiguration section */
		BEA53DF72CFE50D400F5CE90 /* Debug */ = {
			isa = XCBuildConfiguration;
			buildSettings = {
				ALWAYS_SEARCH_USER_PATHS = NO;
				ASSETCATALOG_COMPILER_GENERATE_SWIFT_ASSET_SYMBOL_EXTENSIONS = YES;
				CLANG_ANALYZER_NONNULL = YES;
				CLANG_ANALYZER_NUMBER_OBJECT_CONVERSION = YES_AGGRESSIVE;
				CLANG_CXX_LANGUAGE_STANDARD = "gnu++20";
				CLANG_ENABLE_MODULES = YES;
				CLANG_ENABLE_OBJC_ARC = YES;
				CLANG_ENABLE_OBJC_WEAK = YES;
				CLANG_WARN_BLOCK_CAPTURE_AUTORELEASING = YES;
				CLANG_WARN_BOOL_CONVERSION = YES;
				CLANG_WARN_COMMA = YES;
				CLANG_WARN_CONSTANT_CONVERSION = YES;
				CLANG_WARN_DEPRECATED_OBJC_IMPLEMENTATIONS = YES;
				CLANG_WARN_DIRECT_OBJC_ISA_USAGE = YES_ERROR;
				CLANG_WARN_DOCUMENTATION_COMMENTS = YES;
				CLANG_WARN_EMPTY_BODY = YES;
				CLANG_WARN_ENUM_CONVERSION = YES;
				CLANG_WARN_INFINITE_RECURSION = YES;
				CLANG_WARN_INT_CONVERSION = YES;
				CLANG_WARN_NON_LITERAL_NULL_CONVERSION = YES;
				CLANG_WARN_OBJC_IMPLICIT_RETAIN_SELF = YES;
				CLANG_WARN_OBJC_LITERAL_CONVERSION = YES;
				CLANG_WARN_OBJC_ROOT_CLASS = YES_ERROR;
				CLANG_WARN_QUOTED_INCLUDE_IN_FRAMEWORK_HEADER = YES;
				CLANG_WARN_RANGE_LOOP_ANALYSIS = YES;
				CLANG_WARN_STRICT_PROTOTYPES = YES;
				CLANG_WARN_SUSPICIOUS_MOVE = YES;
				CLANG_WARN_UNGUARDED_AVAILABILITY = YES_AGGRESSIVE;
				CLANG_WARN_UNREACHABLE_CODE = YES;
				CLANG_WARN__DUPLICATE_METHOD_MATCH = YES;
				COPY_PHASE_STRIP = NO;
				DEBUG_INFORMATION_FORMAT = dwarf;
				ENABLE_STRICT_OBJC_MSGSEND = YES;
				ENABLE_TESTABILITY = YES;
				ENABLE_USER_SCRIPT_SANDBOXING = YES;
				GCC_C_LANGUAGE_STANDARD = gnu17;
				GCC_DYNAMIC_NO_PIC = NO;
				GCC_NO_COMMON_BLOCKS = YES;
				GCC_OPTIMIZATION_LEVEL = 0;
				GCC_PREPROCESSOR_DEFINITIONS = (
					"DEBUG=1",
					"$(inherited)",
				);
				GCC_WARN_64_TO_32_BIT_CONVERSION = YES;
				GCC_WARN_ABOUT_RETURN_TYPE = YES_ERROR;
				GCC_WARN_UNDECLARED_SELECTOR = YES;
				GCC_WARN_UNINITIALIZED_AUTOS = YES_AGGRESSIVE;
				GCC_WARN_UNUSED_FUNCTION = YES;
				GCC_WARN_UNUSED_VARIABLE = YES;
				LOCALIZATION_PREFERS_STRING_CATALOGS = YES;
				MTL_ENABLE_DEBUG_INFO = INCLUDE_SOURCE;
				MTL_FAST_MATH = YES;
				ONLY_ACTIVE_ARCH = YES;
				SWIFT_ACTIVE_COMPILATION_CONDITIONS = "DEBUG $(inherited)";
				SWIFT_OPTIMIZATION_LEVEL = "-Onone";
			};
			name = Debug;
		};
		BEA53DF82CFE50D400F5CE90 /* Release */ = {
			isa = XCBuildConfiguration;
			buildSettings = {
				ALWAYS_SEARCH_USER_PATHS = NO;
				ASSETCATALOG_COMPILER_GENERATE_SWIFT_ASSET_SYMBOL_EXTENSIONS = YES;
				CLANG_ANALYZER_NONNULL = YES;
				CLANG_ANALYZER_NUMBER_OBJECT_CONVERSION = YES_AGGRESSIVE;
				CLANG_CXX_LANGUAGE_STANDARD = "gnu++20";
				CLANG_ENABLE_MODULES = YES;
				CLANG_ENABLE_OBJC_ARC = YES;
				CLANG_ENABLE_OBJC_WEAK = YES;
				CLANG_WARN_BLOCK_CAPTURE_AUTORELEASING = YES;
				CLANG_WARN_BOOL_CONVERSION = YES;
				CLANG_WARN_COMMA = YES;
				CLANG_WARN_CONSTANT_CONVERSION = YES;
				CLANG_WARN_DEPRECATED_OBJC_IMPLEMENTATIONS = YES;
				CLANG_WARN_DIRECT_OBJC_ISA_USAGE = YES_ERROR;
				CLANG_WARN_DOCUMENTATION_COMMENTS = YES;
				CLANG_WARN_EMPTY_BODY = YES;
				CLANG_WARN_ENUM_CONVERSION = YES;
				CLANG_WARN_INFINITE_RECURSION = YES;
				CLANG_WARN_INT_CONVERSION = YES;
				CLANG_WARN_NON_LITERAL_NULL_CONVERSION = YES;
				CLANG_WARN_OBJC_IMPLICIT_RETAIN_SELF = YES;
				CLANG_WARN_OBJC_LITERAL_CONVERSION = YES;
				CLANG_WARN_OBJC_ROOT_CLASS = YES_ERROR;
				CLANG_WARN_QUOTED_INCLUDE_IN_FRAMEWORK_HEADER = YES;
				CLANG_WARN_RANGE_LOOP_ANALYSIS = YES;
				CLANG_WARN_STRICT_PROTOTYPES = YES;
				CLANG_WARN_SUSPICIOUS_MOVE = YES;
				CLANG_WARN_UNGUARDED_AVAILABILITY = YES_AGGRESSIVE;
				CLANG_WARN_UNREACHABLE_CODE = YES;
				CLANG_WARN__DUPLICATE_METHOD_MATCH = YES;
				COPY_PHASE_STRIP = NO;
				DEBUG_INFORMATION_FORMAT = "dwarf-with-dsym";
				ENABLE_NS_ASSERTIONS = NO;
				ENABLE_STRICT_OBJC_MSGSEND = YES;
				ENABLE_USER_SCRIPT_SANDBOXING = YES;
				GCC_C_LANGUAGE_STANDARD = gnu17;
				GCC_NO_COMMON_BLOCKS = YES;
				GCC_WARN_64_TO_32_BIT_CONVERSION = YES;
				GCC_WARN_ABOUT_RETURN_TYPE = YES_ERROR;
				GCC_WARN_UNDECLARED_SELECTOR = YES;
				GCC_WARN_UNINITIALIZED_AUTOS = YES_AGGRESSIVE;
				GCC_WARN_UNUSED_FUNCTION = YES;
				GCC_WARN_UNUSED_VARIABLE = YES;
				LOCALIZATION_PREFERS_STRING_CATALOGS = YES;
				MTL_ENABLE_DEBUG_INFO = NO;
				MTL_FAST_MATH = YES;
				SWIFT_COMPILATION_MODE = wholemodule;
			};
			name = Release;
		};
		BEA53DFA2CFE50D400F5CE90 /* Debug */ = {
			isa = XCBuildConfiguration;
			buildSettings = {
				ASSETCATALOG_COMPILER_APPICON_NAME = AppIcon;
				ASSETCATALOG_COMPILER_GLOBAL_ACCENT_COLOR_NAME = AccentColor;
				CODE_SIGN_ENTITLEMENTS = HRV_Monitoring/HRV_Monitoring.entitlements;
				CODE_SIGN_STYLE = Automatic;
				CURRENT_PROJECT_VERSION = 1;
				DEVELOPMENT_ASSET_PATHS = "\"HRV_Monitoring/Preview Content\"";
				ENABLE_PREVIEWS = YES;
				GENERATE_INFOPLIST_FILE = YES;
				"INFOPLIST_KEY_UIApplicationSceneManifest_Generation[sdk=iphoneos*]" = YES;
				"INFOPLIST_KEY_UIApplicationSceneManifest_Generation[sdk=iphonesimulator*]" = YES;
				"INFOPLIST_KEY_UIApplicationSupportsIndirectInputEvents[sdk=iphoneos*]" = YES;
				"INFOPLIST_KEY_UIApplicationSupportsIndirectInputEvents[sdk=iphonesimulator*]" = YES;
				"INFOPLIST_KEY_UILaunchScreen_Generation[sdk=iphoneos*]" = YES;
				"INFOPLIST_KEY_UILaunchScreen_Generation[sdk=iphonesimulator*]" = YES;
				"INFOPLIST_KEY_UIStatusBarStyle[sdk=iphoneos*]" = UIStatusBarStyleDefault;
				"INFOPLIST_KEY_UIStatusBarStyle[sdk=iphonesimulator*]" = UIStatusBarStyleDefault;
				INFOPLIST_KEY_UISupportedInterfaceOrientations_iPad = "UIInterfaceOrientationPortrait UIInterfaceOrientationPortraitUpsideDown UIInterfaceOrientationLandscapeLeft UIInterfaceOrientationLandscapeRight";
				INFOPLIST_KEY_UISupportedInterfaceOrientations_iPhone = "UIInterfaceOrientationPortrait UIInterfaceOrientationLandscapeLeft UIInterfaceOrientationLandscapeRight";
				IPHONEOS_DEPLOYMENT_TARGET = 18.1;
				LD_RUNPATH_SEARCH_PATHS = "@executable_path/Frameworks";
				"LD_RUNPATH_SEARCH_PATHS[sdk=macosx*]" = "@executable_path/../Frameworks";
				MACOSX_DEPLOYMENT_TARGET = 15.1;
				MARKETING_VERSION = 1.0;
				PRODUCT_BUNDLE_IDENTIFIER = "ewu.HRV-Monitoring";
				PRODUCT_NAME = "$(TARGET_NAME)";
				SDKROOT = auto;
				SUPPORTED_PLATFORMS = "iphoneos iphonesimulator";
				SUPPORTS_MACCATALYST = NO;
				SWIFT_EMIT_LOC_STRINGS = YES;
				SWIFT_VERSION = 5.0;
				TARGETED_DEVICE_FAMILY = "1,2";
				XROS_DEPLOYMENT_TARGET = 2.1;
			};
			name = Debug;
		};
		BEA53DFB2CFE50D400F5CE90 /* Release */ = {
			isa = XCBuildConfiguration;
			buildSettings = {
				ASSETCATALOG_COMPILER_APPICON_NAME = AppIcon;
				ASSETCATALOG_COMPILER_GLOBAL_ACCENT_COLOR_NAME = AccentColor;
				CODE_SIGN_ENTITLEMENTS = HRV_Monitoring/HRV_Monitoring.entitlements;
				CODE_SIGN_STYLE = Automatic;
				CURRENT_PROJECT_VERSION = 1;
				DEVELOPMENT_ASSET_PATHS = "\"HRV_Monitoring/Preview Content\"";
				ENABLE_PREVIEWS = YES;
				GENERATE_INFOPLIST_FILE = YES;
				"INFOPLIST_KEY_UIApplicationSceneManifest_Generation[sdk=iphoneos*]" = YES;
				"INFOPLIST_KEY_UIApplicationSceneManifest_Generation[sdk=iphonesimulator*]" = YES;
				"INFOPLIST_KEY_UIApplicationSupportsIndirectInputEvents[sdk=iphoneos*]" = YES;
				"INFOPLIST_KEY_UIApplicationSupportsIndirectInputEvents[sdk=iphonesimulator*]" = YES;
				"INFOPLIST_KEY_UILaunchScreen_Generation[sdk=iphoneos*]" = YES;
				"INFOPLIST_KEY_UILaunchScreen_Generation[sdk=iphonesimulator*]" = YES;
				"INFOPLIST_KEY_UIStatusBarStyle[sdk=iphoneos*]" = UIStatusBarStyleDefault;
				"INFOPLIST_KEY_UIStatusBarStyle[sdk=iphonesimulator*]" = UIStatusBarStyleDefault;
				INFOPLIST_KEY_UISupportedInterfaceOrientations_iPad = "UIInterfaceOrientationPortrait UIInterfaceOrientationPortraitUpsideDown UIInterfaceOrientationLandscapeLeft UIInterfaceOrientationLandscapeRight";
				INFOPLIST_KEY_UISupportedInterfaceOrientations_iPhone = "UIInterfaceOrientationPortrait UIInterfaceOrientationLandscapeLeft UIInterfaceOrientationLandscapeRight";
				IPHONEOS_DEPLOYMENT_TARGET = 18.1;
				LD_RUNPATH_SEARCH_PATHS = "@executable_path/Frameworks";
				"LD_RUNPATH_SEARCH_PATHS[sdk=macosx*]" = "@executable_path/../Frameworks";
				MACOSX_DEPLOYMENT_TARGET = 15.1;
				MARKETING_VERSION = 1.0;
				PRODUCT_BUNDLE_IDENTIFIER = "ewu.HRV-Monitoring";
				PRODUCT_NAME = "$(TARGET_NAME)";
				SDKROOT = auto;
				SUPPORTED_PLATFORMS = "iphoneos iphonesimulator";
				SUPPORTS_MACCATALYST = NO;
				SWIFT_EMIT_LOC_STRINGS = YES;
				SWIFT_VERSION = 5.0;
				TARGETED_DEVICE_FAMILY = "1,2";
				XROS_DEPLOYMENT_TARGET = 2.1;
			};
			name = Release;
		};
		BEA53DFD2CFE50D400F5CE90 /* Debug */ = {
			isa = XCBuildConfiguration;
			buildSettings = {
				BUNDLE_LOADER = "$(TEST_HOST)";
				CODE_SIGN_STYLE = Automatic;
				CURRENT_PROJECT_VERSION = 1;
				GENERATE_INFOPLIST_FILE = YES;
				IPHONEOS_DEPLOYMENT_TARGET = 18.1;
				MACOSX_DEPLOYMENT_TARGET = 15.1;
				MARKETING_VERSION = 1.0;
				PRODUCT_BUNDLE_IDENTIFIER = "ewu.HRV-MonitoringTests";
				PRODUCT_NAME = "$(TARGET_NAME)";
				SDKROOT = auto;
				SUPPORTED_PLATFORMS = "iphoneos iphonesimulator";
				SUPPORTS_MACCATALYST = NO;
				SWIFT_EMIT_LOC_STRINGS = NO;
				SWIFT_VERSION = 5.0;
				TARGETED_DEVICE_FAMILY = "1,2";
				TEST_HOST = "$(BUILT_PRODUCTS_DIR)/HRV_Monitoring.app/$(BUNDLE_EXECUTABLE_FOLDER_PATH)/HRV_Monitoring";
				XROS_DEPLOYMENT_TARGET = 2.1;
			};
			name = Debug;
		};
		BEA53DFE2CFE50D400F5CE90 /* Release */ = {
			isa = XCBuildConfiguration;
			buildSettings = {
				BUNDLE_LOADER = "$(TEST_HOST)";
				CODE_SIGN_STYLE = Automatic;
				CURRENT_PROJECT_VERSION = 1;
				GENERATE_INFOPLIST_FILE = YES;
				IPHONEOS_DEPLOYMENT_TARGET = 18.1;
				MACOSX_DEPLOYMENT_TARGET = 15.1;
				MARKETING_VERSION = 1.0;
				PRODUCT_BUNDLE_IDENTIFIER = "ewu.HRV-MonitoringTests";
				PRODUCT_NAME = "$(TARGET_NAME)";
				SDKROOT = auto;
				SUPPORTED_PLATFORMS = "iphoneos iphonesimulator";
				SUPPORTS_MACCATALYST = NO;
				SWIFT_EMIT_LOC_STRINGS = NO;
				SWIFT_VERSION = 5.0;
				TARGETED_DEVICE_FAMILY = "1,2";
				TEST_HOST = "$(BUILT_PRODUCTS_DIR)/HRV_Monitoring.app/$(BUNDLE_EXECUTABLE_FOLDER_PATH)/HRV_Monitoring";
				XROS_DEPLOYMENT_TARGET = 2.1;
			};
			name = Release;
		};
		BEA53E002CFE50D400F5CE90 /* Debug */ = {
			isa = XCBuildConfiguration;
			buildSettings = {
				CODE_SIGN_STYLE = Automatic;
				CURRENT_PROJECT_VERSION = 1;
				GENERATE_INFOPLIST_FILE = YES;
				IPHONEOS_DEPLOYMENT_TARGET = 18.1;
				MACOSX_DEPLOYMENT_TARGET = 15.1;
				MARKETING_VERSION = 1.0;
				PRODUCT_BUNDLE_IDENTIFIER = "ewu.HRV-MonitoringUITests";
				PRODUCT_NAME = "$(TARGET_NAME)";
				SDKROOT = auto;
				SUPPORTED_PLATFORMS = "iphoneos iphonesimulator";
				SUPPORTS_MACCATALYST = NO;
				SWIFT_EMIT_LOC_STRINGS = NO;
				SWIFT_VERSION = 5.0;
				TARGETED_DEVICE_FAMILY = "1,2";
				TEST_TARGET_NAME = "HRV Monitoring";
				XROS_DEPLOYMENT_TARGET = 2.1;
			};
			name = Debug;
		};
		BEA53E012CFE50D400F5CE90 /* Release */ = {
			isa = XCBuildConfiguration;
			buildSettings = {
				CODE_SIGN_STYLE = Automatic;
				CURRENT_PROJECT_VERSION = 1;
				GENERATE_INFOPLIST_FILE = YES;
				IPHONEOS_DEPLOYMENT_TARGET = 18.1;
				MACOSX_DEPLOYMENT_TARGET = 15.1;
				MARKETING_VERSION = 1.0;
				PRODUCT_BUNDLE_IDENTIFIER = "ewu.HRV-MonitoringUITests";
				PRODUCT_NAME = "$(TARGET_NAME)";
				SDKROOT = auto;
				SUPPORTED_PLATFORMS = "iphoneos iphonesimulator";
				SUPPORTS_MACCATALYST = NO;
				SWIFT_EMIT_LOC_STRINGS = NO;
				SWIFT_VERSION = 5.0;
				TARGETED_DEVICE_FAMILY = "1,2";
				TEST_TARGET_NAME = "HRV Monitoring";
				XROS_DEPLOYMENT_TARGET = 2.1;
			};
			name = Release;
		};
		BEA53E2B2CFE511E00F5CE90 /* Debug */ = {
			isa = XCBuildConfiguration;
			buildSettings = {
				ASSETCATALOG_COMPILER_APPICON_NAME = AppIcon;
				ASSETCATALOG_COMPILER_GLOBAL_ACCENT_COLOR_NAME = AccentColor;
				CODE_SIGN_STYLE = Automatic;
				CURRENT_PROJECT_VERSION = 1;
				DEVELOPMENT_ASSET_PATHS = "\"HRV_Monitoring_Watch_App/Preview Content\"";
				ENABLE_PREVIEWS = YES;
				GENERATE_INFOPLIST_FILE = YES;
				INFOPLIST_KEY_CFBundleDisplayName = "HRV Monitoring Watch";
				INFOPLIST_KEY_UISupportedInterfaceOrientations = "UIInterfaceOrientationPortrait UIInterfaceOrientationPortraitUpsideDown";
				INFOPLIST_KEY_WKCompanionAppBundleIdentifier = "ewu.HRV-Monitoring";
				LD_RUNPATH_SEARCH_PATHS = (
					"$(inherited)",
					"@executable_path/Frameworks",
				);
				MARKETING_VERSION = 1.0;
				PRODUCT_BUNDLE_IDENTIFIER = "ewu.HRV-Monitoring.watchkitapp";
				PRODUCT_NAME = "$(TARGET_NAME)";
				SDKROOT = watchos;
				SKIP_INSTALL = YES;
				SWIFT_EMIT_LOC_STRINGS = YES;
				SWIFT_VERSION = 5.0;
				TARGETED_DEVICE_FAMILY = 4;
				WATCHOS_DEPLOYMENT_TARGET = 11.1;
			};
			name = Debug;
		};
		BEA53E2C2CFE511E00F5CE90 /* Release */ = {
			isa = XCBuildConfiguration;
			buildSettings = {
				ASSETCATALOG_COMPILER_APPICON_NAME = AppIcon;
				ASSETCATALOG_COMPILER_GLOBAL_ACCENT_COLOR_NAME = AccentColor;
				CODE_SIGN_STYLE = Automatic;
				CURRENT_PROJECT_VERSION = 1;
				DEVELOPMENT_ASSET_PATHS = "\"HRV_Monitoring_Watch_App/Preview Content\"";
				ENABLE_PREVIEWS = YES;
				GENERATE_INFOPLIST_FILE = YES;
				INFOPLIST_KEY_CFBundleDisplayName = "HRV Monitoring Watch";
				INFOPLIST_KEY_UISupportedInterfaceOrientations = "UIInterfaceOrientationPortrait UIInterfaceOrientationPortraitUpsideDown";
				INFOPLIST_KEY_WKCompanionAppBundleIdentifier = "ewu.HRV-Monitoring";
				LD_RUNPATH_SEARCH_PATHS = (
					"$(inherited)",
					"@executable_path/Frameworks",
				);
				MARKETING_VERSION = 1.0;
				PRODUCT_BUNDLE_IDENTIFIER = "ewu.HRV-Monitoring.watchkitapp";
				PRODUCT_NAME = "$(TARGET_NAME)";
				SDKROOT = watchos;
				SKIP_INSTALL = YES;
				SWIFT_EMIT_LOC_STRINGS = YES;
				SWIFT_VERSION = 5.0;
				TARGETED_DEVICE_FAMILY = 4;
				VALIDATE_PRODUCT = YES;
				WATCHOS_DEPLOYMENT_TARGET = 11.1;
			};
			name = Release;
		};
		BEA53E2F2CFE511E00F5CE90 /* Debug */ = {
			isa = XCBuildConfiguration;
			buildSettings = {
				BUNDLE_LOADER = "$(TEST_HOST)";
				CODE_SIGN_STYLE = Automatic;
				CURRENT_PROJECT_VERSION = 1;
				GENERATE_INFOPLIST_FILE = YES;
				MARKETING_VERSION = 1.0;
				PRODUCT_BUNDLE_IDENTIFIER = "ewu.HRV-Monitoring-Watch-Watch-AppTests";
				PRODUCT_NAME = "$(TARGET_NAME)";
				SDKROOT = watchos;
				SWIFT_EMIT_LOC_STRINGS = NO;
				SWIFT_VERSION = 5.0;
				TARGETED_DEVICE_FAMILY = 4;
				TEST_HOST = "$(BUILT_PRODUCTS_DIR)/HRV_Monitoring Watch Watch App.app/$(BUNDLE_EXECUTABLE_FOLDER_PATH)/HRV_Monitoring Watch Watch App";
				WATCHOS_DEPLOYMENT_TARGET = 11.1;
			};
			name = Debug;
		};
		BEA53E302CFE511E00F5CE90 /* Release */ = {
			isa = XCBuildConfiguration;
			buildSettings = {
				BUNDLE_LOADER = "$(TEST_HOST)";
				CODE_SIGN_STYLE = Automatic;
				CURRENT_PROJECT_VERSION = 1;
				GENERATE_INFOPLIST_FILE = YES;
				MARKETING_VERSION = 1.0;
				PRODUCT_BUNDLE_IDENTIFIER = "ewu.HRV-Monitoring-Watch-Watch-AppTests";
				PRODUCT_NAME = "$(TARGET_NAME)";
				SDKROOT = watchos;
				SWIFT_EMIT_LOC_STRINGS = NO;
				SWIFT_VERSION = 5.0;
				TARGETED_DEVICE_FAMILY = 4;
				TEST_HOST = "$(BUILT_PRODUCTS_DIR)/HRV_Monitoring Watch Watch App.app/$(BUNDLE_EXECUTABLE_FOLDER_PATH)/HRV_Monitoring Watch Watch App";
				VALIDATE_PRODUCT = YES;
				WATCHOS_DEPLOYMENT_TARGET = 11.1;
			};
			name = Release;
		};
		BEA53E322CFE511E00F5CE90 /* Debug */ = {
			isa = XCBuildConfiguration;
			buildSettings = {
				CODE_SIGN_STYLE = Automatic;
				CURRENT_PROJECT_VERSION = 1;
				GENERATE_INFOPLIST_FILE = YES;
				MARKETING_VERSION = 1.0;
				PRODUCT_BUNDLE_IDENTIFIER = "ewu.HRV-Monitoring-Watch-Watch-AppUITests";
				PRODUCT_NAME = "$(TARGET_NAME)";
				SDKROOT = watchos;
				SWIFT_EMIT_LOC_STRINGS = NO;
				SWIFT_VERSION = 5.0;
				TARGETED_DEVICE_FAMILY = 4;
				TEST_TARGET_NAME = "HRV Monitoring Watch Watch App";
				WATCHOS_DEPLOYMENT_TARGET = 11.1;
			};
			name = Debug;
		};
		BEA53E332CFE511E00F5CE90 /* Release */ = {
			isa = XCBuildConfiguration;
			buildSettings = {
				CODE_SIGN_STYLE = Automatic;
				CURRENT_PROJECT_VERSION = 1;
				GENERATE_INFOPLIST_FILE = YES;
				MARKETING_VERSION = 1.0;
				PRODUCT_BUNDLE_IDENTIFIER = "ewu.HRV-Monitoring-Watch-Watch-AppUITests";
				PRODUCT_NAME = "$(TARGET_NAME)";
				SDKROOT = watchos;
				SWIFT_EMIT_LOC_STRINGS = NO;
				SWIFT_VERSION = 5.0;
				TARGETED_DEVICE_FAMILY = 4;
				TEST_TARGET_NAME = "HRV Monitoring Watch Watch App";
				VALIDATE_PRODUCT = YES;
				WATCHOS_DEPLOYMENT_TARGET = 11.1;
			};
			name = Release;
		};
/* End XCBuildConfiguration section */

/* Begin XCConfigurationList section */
		BEA53DCF2CFE50D300F5CE90 /* Build configuration list for PBXProject "HRV_Monitoring" */ = {
			isa = XCConfigurationList;
			buildConfigurations = (
				BEA53DF72CFE50D400F5CE90 /* Debug */,
				BEA53DF82CFE50D400F5CE90 /* Release */,
			);
			defaultConfigurationIsVisible = 0;
			defaultConfigurationName = Release;
		};
		BEA53DF92CFE50D400F5CE90 /* Build configuration list for PBXNativeTarget "HRV_Monitoring" */ = {
			isa = XCConfigurationList;
			buildConfigurations = (
				BEA53DFA2CFE50D400F5CE90 /* Debug */,
				BEA53DFB2CFE50D400F5CE90 /* Release */,
			);
			defaultConfigurationIsVisible = 0;
			defaultConfigurationName = Release;
		};
		BEA53DFC2CFE50D400F5CE90 /* Build configuration list for PBXNativeTarget "HRV_MonitoringTests" */ = {
			isa = XCConfigurationList;
			buildConfigurations = (
				BEA53DFD2CFE50D400F5CE90 /* Debug */,
				BEA53DFE2CFE50D400F5CE90 /* Release */,
			);
			defaultConfigurationIsVisible = 0;
			defaultConfigurationName = Release;
		};
		BEA53DFF2CFE50D400F5CE90 /* Build configuration list for PBXNativeTarget "HRV_MonitoringUITests" */ = {
			isa = XCConfigurationList;
			buildConfigurations = (
				BEA53E002CFE50D400F5CE90 /* Debug */,
				BEA53E012CFE50D400F5CE90 /* Release */,
			);
			defaultConfigurationIsVisible = 0;
			defaultConfigurationName = Release;
		};
		BEA53E2A2CFE511E00F5CE90 /* Build configuration list for PBXNativeTarget "HRV_Monitoring Watch Watch App" */ = {
			isa = XCConfigurationList;
			buildConfigurations = (
				BEA53E2B2CFE511E00F5CE90 /* Debug */,
				BEA53E2C2CFE511E00F5CE90 /* Release */,
			);
			defaultConfigurationIsVisible = 0;
			defaultConfigurationName = Release;
		};
		BEA53E2E2CFE511E00F5CE90 /* Build configuration list for PBXNativeTarget "HRV_Monitoring Watch Watch AppTests" */ = {
			isa = XCConfigurationList;
			buildConfigurations = (
				BEA53E2F2CFE511E00F5CE90 /* Debug */,
				BEA53E302CFE511E00F5CE90 /* Release */,
			);
			defaultConfigurationIsVisible = 0;
			defaultConfigurationName = Release;
		};
		BEA53E312CFE511E00F5CE90 /* Build configuration list for PBXNativeTarget "HRV_Monitoring Watch Watch AppUITests" */ = {
			isa = XCConfigurationList;
			buildConfigurations = (
				BEA53E322CFE511E00F5CE90 /* Debug */,
				BEA53E332CFE511E00F5CE90 /* Release */,
			);
			defaultConfigurationIsVisible = 0;
			defaultConfigurationName = Release;
		};
/* End XCConfigurationList section */
	};
	rootObject = BEA53DCC2CFE50D300F5CE90 /* Project object */;
}
